// !$*UTF8*$!
{
	archiveVersion = 1;
	classes = {
	};
	objectVersion = 46;
	objects = {

/* Begin PBXBuildFile section */
		204A9C712019D5650072F4D1 /* VehicleLocationClass.swift in Sources */ = {isa = PBXBuildFile; fileRef = 204A9C702019D5650072F4D1 /* VehicleLocationClass.swift */; };
		204A9C732019D9580072F4D1 /* VehicleLocationClass+Cmnds.swift in Sources */ = {isa = PBXBuildFile; fileRef = 204A9C722019D9580072F4D1 /* VehicleLocationClass+Cmnds.swift */; };
		204A9C752019DA370072F4D1 /* NaviDestinationClass.swift in Sources */ = {isa = PBXBuildFile; fileRef = 204A9C742019DA370072F4D1 /* NaviDestinationClass.swift */; };
		204A9C772019DD290072F4D1 /* NaviDestinationClass+Cmds.swift in Sources */ = {isa = PBXBuildFile; fileRef = 204A9C762019DD290072F4D1 /* NaviDestinationClass+Cmds.swift */; };
		206765D11F7B8B2D00D38F3F /* EngineClass.swift in Sources */ = {isa = PBXBuildFile; fileRef = 206765D01F7B8B2D00D38F3F /* EngineClass.swift */; };
		206765D31F7B8D2D00D38F3F /* EngineClass+Cmds.swift in Sources */ = {isa = PBXBuildFile; fileRef = 206765D21F7B8D2D00D38F3F /* EngineClass+Cmds.swift */; };
		206765D81F7B99BD00D38F3F /* HonkHornFlashLightsClass.swift in Sources */ = {isa = PBXBuildFile; fileRef = 206765D71F7B99BD00D38F3F /* HonkHornFlashLightsClass.swift */; };
		206765DB1F7B9C4400D38F3F /* HonkHornFlashLightsClass+Cmds.swift in Sources */ = {isa = PBXBuildFile; fileRef = 206765DA1F7B9C4400D38F3F /* HonkHornFlashLightsClass+Cmds.swift */; };
		207B4654203C55DF002F346D /* DiagnosticsCommand.swift in Sources */ = {isa = PBXBuildFile; fileRef = 207B4653203C55DF002F346D /* DiagnosticsCommand.swift */; };
		207B4657203C56AC002F346D /* ParkingBrakeCommand+Cmds.swift in Sources */ = {isa = PBXBuildFile; fileRef = 207B4655203C56AB002F346D /* ParkingBrakeCommand+Cmds.swift */; };
		207B4658203C56AC002F346D /* ParkingBrakeCommand.swift in Sources */ = {isa = PBXBuildFile; fileRef = 207B4656203C56AC002F346D /* ParkingBrakeCommand.swift */; };
		207B465A203C56DA002F346D /* WindscreenCommand.swift in Sources */ = {isa = PBXBuildFile; fileRef = 207B4659203C56DA002F346D /* WindscreenCommand.swift */; };
		2086D8EA1F13CCB0009F01D8 /* CommandType.swift in Sources */ = {isa = PBXBuildFile; fileRef = 2086D8E91F13CCB0009F01D8 /* CommandType.swift */; };
		2086D8EE1F13D17F009F01D8 /* ParserResponseOnly.swift in Sources */ = {isa = PBXBuildFile; fileRef = 2086D8ED1F13D17F009F01D8 /* ParserResponseOnly.swift */; };
		2094F2391F0FB5BB00779FFA /* Car.h in Headers */ = {isa = PBXBuildFile; fileRef = 2094F2371F0FB5BB00779FFA /* Car.h */; settings = {ATTRIBUTES = (Public, ); }; };
		2094F2491F0FB5E300779FFA /* AutoAPI.framework in Frameworks */ = {isa = PBXBuildFile; fileRef = 2094F2461F0FB5E300779FFA /* AutoAPI.framework */; };
		2094F24A1F0FB5E300779FFA /* HMCrypto.framework in Frameworks */ = {isa = PBXBuildFile; fileRef = 2094F2471F0FB5E300779FFA /* HMCrypto.framework */; };
		2094F24B1F0FB5E300779FFA /* HMKit.framework in Frameworks */ = {isa = PBXBuildFile; fileRef = 2094F2481F0FB5E300779FFA /* HMKit.framework */; };
		2094F24F1F0FB68C00779FFA /* Car.swift in Sources */ = {isa = PBXBuildFile; fileRef = 2094F24E1F0FB68C00779FFA /* Car.swift */; };
		2094F2511F0FC46900779FFA /* ConnectionMethod.swift in Sources */ = {isa = PBXBuildFile; fileRef = 2094F2501F0FC46900779FFA /* ConnectionMethod.swift */; };
		2094F2541F0FC4B700779FFA /* ConnectionState.swift in Sources */ = {isa = PBXBuildFile; fileRef = 2094F2531F0FC4B700779FFA /* ConnectionState.swift */; };
		2094F2561F0FC4D900779FFA /* Car+Observer.swift in Sources */ = {isa = PBXBuildFile; fileRef = 2094F2551F0FC4D900779FFA /* Car+Observer.swift */; };
		2094F2581F0FC81200779FFA /* Car+LocalDeviceDelegate.swift in Sources */ = {isa = PBXBuildFile; fileRef = 2094F2571F0FC81200779FFA /* Car+LocalDeviceDelegate.swift */; };
		2094F25A1F0FCB3100779FFA /* Car+LinkDelegate.swift in Sources */ = {isa = PBXBuildFile; fileRef = 2094F2591F0FCB3100779FFA /* Car+LinkDelegate.swift */; };
		2094F25C1F0FD16700779FFA /* Car+Certificates.swift in Sources */ = {isa = PBXBuildFile; fileRef = 2094F25B1F0FD16700779FFA /* Car+Certificates.swift */; };
		2094F25F1F0FD22600779FFA /* Collection+UInt8.swift in Sources */ = {isa = PBXBuildFile; fileRef = 2094F25D1F0FD22600779FFA /* Collection+UInt8.swift */; };
		2094F2601F0FD22600779FFA /* KeychainLayer.swift in Sources */ = {isa = PBXBuildFile; fileRef = 2094F25E1F0FD22600779FFA /* KeychainLayer.swift */; };
		2094F2641F0FD85300779FFA /* DoorsClass.swift in Sources */ = {isa = PBXBuildFile; fileRef = 2094F2631F0FD85300779FFA /* DoorsClass.swift */; };
		2094F2661F0FDDA900779FFA /* ResponseParser.swift in Sources */ = {isa = PBXBuildFile; fileRef = 2094F2651F0FDDA900779FFA /* ResponseParser.swift */; };
		2094F2691F0FE26D00779FFA /* CapabilitiesClass.swift in Sources */ = {isa = PBXBuildFile; fileRef = 2094F2681F0FE26D00779FFA /* CapabilitiesClass.swift */; };
		2094F26D1F0FF92E00779FFA /* RooftopClass.swift in Sources */ = {isa = PBXBuildFile; fileRef = 2094F26C1F0FF92E00779FFA /* RooftopClass.swift */; };
		2094F2711F0FFDF300779FFA /* CapabilityParser.swift in Sources */ = {isa = PBXBuildFile; fileRef = 2094F2701F0FFDF300779FFA /* CapabilityParser.swift */; };
		2094F2731F10010900779FFA /* LightsClass.swift in Sources */ = {isa = PBXBuildFile; fileRef = 2094F2721F10010900779FFA /* LightsClass.swift */; };
		2094F2751F10077700779FFA /* TrunkClass.swift in Sources */ = {isa = PBXBuildFile; fileRef = 2094F2741F10077700779FFA /* TrunkClass.swift */; };
		2094F2771F100A1500779FFA /* ClimateClass.swift in Sources */ = {isa = PBXBuildFile; fileRef = 2094F2761F100A1500779FFA /* ClimateClass.swift */; };
		20A4297E1F7BAF22003FF9A2 /* WindowsClass.swift in Sources */ = {isa = PBXBuildFile; fileRef = 20A4297D1F7BAF22003FF9A2 /* WindowsClass.swift */; };
		20A429801F7BB065003FF9A2 /* WindowsClass+Cmds.swift in Sources */ = {isa = PBXBuildFile; fileRef = 20A4297F1F7BB065003FF9A2 /* WindowsClass+Cmds.swift */; };
		20EDE5291F10F5A100464E8E /* CommandError.swift in Sources */ = {isa = PBXBuildFile; fileRef = 20EDE5281F10F5A100464E8E /* CommandError.swift */; };
		20EDE52B1F110A9C00464E8E /* ChargingClass.swift in Sources */ = {isa = PBXBuildFile; fileRef = 20EDE52A1F110A9C00464E8E /* ChargingClass.swift */; };
		20EDE52E1F110EC900464E8E /* Car+Parser.swift in Sources */ = {isa = PBXBuildFile; fileRef = 20EDE52D1F110EC900464E8E /* Car+Parser.swift */; };
		20EDE5321F11107E00464E8E /* ChargingClass+Cmds.swift in Sources */ = {isa = PBXBuildFile; fileRef = 20EDE5311F11107E00464E8E /* ChargingClass+Cmds.swift */; };
		20EDE5341F11109C00464E8E /* ClimateClass+Cmds.swift in Sources */ = {isa = PBXBuildFile; fileRef = 20EDE5331F11109C00464E8E /* ClimateClass+Cmds.swift */; };
		20EDE5361F11118E00464E8E /* DoorsClass+Cmds.swift in Sources */ = {isa = PBXBuildFile; fileRef = 20EDE5351F11118E00464E8E /* DoorsClass+Cmds.swift */; };
		20EDE5381F1112CE00464E8E /* LightsClass+Cmds.swift in Sources */ = {isa = PBXBuildFile; fileRef = 20EDE5371F1112CE00464E8E /* LightsClass+Cmds.swift */; };
		20EDE53A1F11133C00464E8E /* RooftopClass+Cmds.swift in Sources */ = {isa = PBXBuildFile; fileRef = 20EDE5391F11133C00464E8E /* RooftopClass+Cmds.swift */; };
		20EDE53C1F1113AD00464E8E /* TrunkClass+Cmds.swift in Sources */ = {isa = PBXBuildFile; fileRef = 20EDE53B1F1113AD00464E8E /* TrunkClass+Cmds.swift */; };
		20EDE53E1F11154000464E8E /* VehicleStatii.swift in Sources */ = {isa = PBXBuildFile; fileRef = 20EDE53D1F11154000464E8E /* VehicleStatii.swift */; };
		20EDE5401F11161400464E8E /* Capabilities+Cmds.swift in Sources */ = {isa = PBXBuildFile; fileRef = 20EDE53F1F11161400464E8E /* Capabilities+Cmds.swift */; };
		20EDE5421F11184900464E8E /* VehicleStatii+Cmds.swift in Sources */ = {isa = PBXBuildFile; fileRef = 20EDE5411F11184900464E8E /* VehicleStatii+Cmds.swift */; };
		20EDE5451F1118CA00464E8E /* FailureMessageClass.swift in Sources */ = {isa = PBXBuildFile; fileRef = 20EDE5441F1118CA00464E8E /* FailureMessageClass.swift */; };
		20EDE5471F1120D600464E8E /* Parser.swift in Sources */ = {isa = PBXBuildFile; fileRef = 20EDE5461F1120D600464E8E /* Parser.swift */; };
		20EDE54A1F1126BE00464E8E /* CommandClass.swift in Sources */ = {isa = PBXBuildFile; fileRef = 20EDE5491F1126BE00464E8E /* CommandClass.swift */; };
		20EDE54C1F1131A800464E8E /* RemoteControlClass.swift in Sources */ = {isa = PBXBuildFile; fileRef = 20EDE54B1F1131A800464E8E /* RemoteControlClass.swift */; };
		20EDE54E1F11352000464E8E /* RemoteControlClass+Cmds.swift in Sources */ = {isa = PBXBuildFile; fileRef = 20EDE54D1F11352000464E8E /* RemoteControlClass+Cmds.swift */; };
		20EDE5501F1136F100464E8E /* CommandClass+Cmds.swift in Sources */ = {isa = PBXBuildFile; fileRef = 20EDE54F1F1136F100464E8E /* CommandClass+Cmds.swift */; };
		20EDE5551F114E0200464E8E /* Car+Driving.swift in Sources */ = {isa = PBXBuildFile; fileRef = 20EDE5541F114E0200464E8E /* Car+Driving.swift */; };
		20EDE5571F1152CF00464E8E /* Car+Bluetooth.swift in Sources */ = {isa = PBXBuildFile; fileRef = 20EDE5561F1152CF00464E8E /* Car+Bluetooth.swift */; };
/* End PBXBuildFile section */

/* Begin PBXFileReference section */
		204A9C702019D5650072F4D1 /* VehicleLocationClass.swift */ = {isa = PBXFileReference; lastKnownFileType = sourcecode.swift; path = VehicleLocationClass.swift; sourceTree = "<group>"; };
		204A9C722019D9580072F4D1 /* VehicleLocationClass+Cmnds.swift */ = {isa = PBXFileReference; lastKnownFileType = sourcecode.swift; path = "VehicleLocationClass+Cmnds.swift"; sourceTree = "<group>"; };
		204A9C742019DA370072F4D1 /* NaviDestinationClass.swift */ = {isa = PBXFileReference; lastKnownFileType = sourcecode.swift; path = NaviDestinationClass.swift; sourceTree = "<group>"; };
		204A9C762019DD290072F4D1 /* NaviDestinationClass+Cmds.swift */ = {isa = PBXFileReference; lastKnownFileType = sourcecode.swift; path = "NaviDestinationClass+Cmds.swift"; sourceTree = "<group>"; };
		206765D01F7B8B2D00D38F3F /* EngineClass.swift */ = {isa = PBXFileReference; lastKnownFileType = sourcecode.swift; path = EngineClass.swift; sourceTree = "<group>"; };
		206765D21F7B8D2D00D38F3F /* EngineClass+Cmds.swift */ = {isa = PBXFileReference; lastKnownFileType = sourcecode.swift; path = "EngineClass+Cmds.swift"; sourceTree = "<group>"; };
		206765D71F7B99BD00D38F3F /* HonkHornFlashLightsClass.swift */ = {isa = PBXFileReference; lastKnownFileType = sourcecode.swift; path = HonkHornFlashLightsClass.swift; sourceTree = "<group>"; };
		206765DA1F7B9C4400D38F3F /* HonkHornFlashLightsClass+Cmds.swift */ = {isa = PBXFileReference; lastKnownFileType = sourcecode.swift; path = "HonkHornFlashLightsClass+Cmds.swift"; sourceTree = "<group>"; };
		207B4653203C55DF002F346D /* DiagnosticsCommand.swift */ = {isa = PBXFileReference; fileEncoding = 4; lastKnownFileType = sourcecode.swift; path = DiagnosticsCommand.swift; sourceTree = "<group>"; };
		207B4655203C56AB002F346D /* ParkingBrakeCommand+Cmds.swift */ = {isa = PBXFileReference; fileEncoding = 4; lastKnownFileType = sourcecode.swift; path = "ParkingBrakeCommand+Cmds.swift"; sourceTree = "<group>"; };
		207B4656203C56AC002F346D /* ParkingBrakeCommand.swift */ = {isa = PBXFileReference; fileEncoding = 4; lastKnownFileType = sourcecode.swift; path = ParkingBrakeCommand.swift; sourceTree = "<group>"; };
		207B4659203C56DA002F346D /* WindscreenCommand.swift */ = {isa = PBXFileReference; fileEncoding = 4; lastKnownFileType = sourcecode.swift; path = WindscreenCommand.swift; sourceTree = "<group>"; };
		2086D8E91F13CCB0009F01D8 /* CommandType.swift */ = {isa = PBXFileReference; fileEncoding = 4; lastKnownFileType = sourcecode.swift; path = CommandType.swift; sourceTree = "<group>"; };
		2086D8ED1F13D17F009F01D8 /* ParserResponseOnly.swift */ = {isa = PBXFileReference; fileEncoding = 4; lastKnownFileType = sourcecode.swift; path = ParserResponseOnly.swift; sourceTree = "<group>"; };
		2094F2341F0FB5BB00779FFA /* Car.framework */ = {isa = PBXFileReference; explicitFileType = wrapper.framework; includeInIndex = 0; path = Car.framework; sourceTree = BUILT_PRODUCTS_DIR; };
		2094F2371F0FB5BB00779FFA /* Car.h */ = {isa = PBXFileReference; lastKnownFileType = sourcecode.c.h; path = Car.h; sourceTree = "<group>"; };
		2094F2381F0FB5BB00779FFA /* Info.plist */ = {isa = PBXFileReference; lastKnownFileType = text.plist.xml; path = Info.plist; sourceTree = "<group>"; };
		2094F2461F0FB5E300779FFA /* AutoAPI.framework */ = {isa = PBXFileReference; lastKnownFileType = wrapper.framework; name = AutoAPI.framework; path = ../AutoAPI.framework; sourceTree = "<group>"; };
		2094F2471F0FB5E300779FFA /* HMCrypto.framework */ = {isa = PBXFileReference; lastKnownFileType = wrapper.framework; name = HMCrypto.framework; path = ../HMCrypto.framework; sourceTree = "<group>"; };
		2094F2481F0FB5E300779FFA /* HMKit.framework */ = {isa = PBXFileReference; lastKnownFileType = wrapper.framework; name = HMKit.framework; path = ../HMKit.framework; sourceTree = "<group>"; };
		2094F24E1F0FB68C00779FFA /* Car.swift */ = {isa = PBXFileReference; fileEncoding = 4; lastKnownFileType = sourcecode.swift; path = Car.swift; sourceTree = "<group>"; };
		2094F2501F0FC46900779FFA /* ConnectionMethod.swift */ = {isa = PBXFileReference; fileEncoding = 4; lastKnownFileType = sourcecode.swift; path = ConnectionMethod.swift; sourceTree = "<group>"; };
		2094F2531F0FC4B700779FFA /* ConnectionState.swift */ = {isa = PBXFileReference; fileEncoding = 4; lastKnownFileType = sourcecode.swift; path = ConnectionState.swift; sourceTree = "<group>"; };
		2094F2551F0FC4D900779FFA /* Car+Observer.swift */ = {isa = PBXFileReference; fileEncoding = 4; lastKnownFileType = sourcecode.swift; path = "Car+Observer.swift"; sourceTree = "<group>"; };
		2094F2571F0FC81200779FFA /* Car+LocalDeviceDelegate.swift */ = {isa = PBXFileReference; fileEncoding = 4; lastKnownFileType = sourcecode.swift; name = "Car+LocalDeviceDelegate.swift"; path = "Car/Car+LocalDeviceDelegate.swift"; sourceTree = SOURCE_ROOT; };
		2094F2591F0FCB3100779FFA /* Car+LinkDelegate.swift */ = {isa = PBXFileReference; fileEncoding = 4; lastKnownFileType = sourcecode.swift; path = "Car+LinkDelegate.swift"; sourceTree = "<group>"; };
		2094F25B1F0FD16700779FFA /* Car+Certificates.swift */ = {isa = PBXFileReference; fileEncoding = 4; lastKnownFileType = sourcecode.swift; path = "Car+Certificates.swift"; sourceTree = "<group>"; };
		2094F25D1F0FD22600779FFA /* Collection+UInt8.swift */ = {isa = PBXFileReference; fileEncoding = 4; lastKnownFileType = sourcecode.swift; path = "Collection+UInt8.swift"; sourceTree = "<group>"; };
		2094F25E1F0FD22600779FFA /* KeychainLayer.swift */ = {isa = PBXFileReference; fileEncoding = 4; lastKnownFileType = sourcecode.swift; path = KeychainLayer.swift; sourceTree = "<group>"; };
		2094F2631F0FD85300779FFA /* DoorsClass.swift */ = {isa = PBXFileReference; fileEncoding = 4; lastKnownFileType = sourcecode.swift; path = DoorsClass.swift; sourceTree = "<group>"; };
		2094F2651F0FDDA900779FFA /* ResponseParser.swift */ = {isa = PBXFileReference; fileEncoding = 4; lastKnownFileType = sourcecode.swift; path = ResponseParser.swift; sourceTree = "<group>"; };
		2094F2681F0FE26D00779FFA /* CapabilitiesClass.swift */ = {isa = PBXFileReference; fileEncoding = 4; lastKnownFileType = sourcecode.swift; path = CapabilitiesClass.swift; sourceTree = "<group>"; };
		2094F26C1F0FF92E00779FFA /* RooftopClass.swift */ = {isa = PBXFileReference; fileEncoding = 4; lastKnownFileType = sourcecode.swift; path = RooftopClass.swift; sourceTree = "<group>"; };
		2094F2701F0FFDF300779FFA /* CapabilityParser.swift */ = {isa = PBXFileReference; fileEncoding = 4; lastKnownFileType = sourcecode.swift; path = CapabilityParser.swift; sourceTree = "<group>"; };
		2094F2721F10010900779FFA /* LightsClass.swift */ = {isa = PBXFileReference; fileEncoding = 4; lastKnownFileType = sourcecode.swift; path = LightsClass.swift; sourceTree = "<group>"; };
		2094F2741F10077700779FFA /* TrunkClass.swift */ = {isa = PBXFileReference; fileEncoding = 4; lastKnownFileType = sourcecode.swift; path = TrunkClass.swift; sourceTree = "<group>"; };
		2094F2761F100A1500779FFA /* ClimateClass.swift */ = {isa = PBXFileReference; fileEncoding = 4; lastKnownFileType = sourcecode.swift; path = ClimateClass.swift; sourceTree = "<group>"; };
		20A4297D1F7BAF22003FF9A2 /* WindowsClass.swift */ = {isa = PBXFileReference; lastKnownFileType = sourcecode.swift; path = WindowsClass.swift; sourceTree = "<group>"; };
		20A4297F1F7BB065003FF9A2 /* WindowsClass+Cmds.swift */ = {isa = PBXFileReference; lastKnownFileType = sourcecode.swift; path = "WindowsClass+Cmds.swift"; sourceTree = "<group>"; };
		20EDE5281F10F5A100464E8E /* CommandError.swift */ = {isa = PBXFileReference; fileEncoding = 4; lastKnownFileType = sourcecode.swift; path = CommandError.swift; sourceTree = "<group>"; };
		20EDE52A1F110A9C00464E8E /* ChargingClass.swift */ = {isa = PBXFileReference; fileEncoding = 4; lastKnownFileType = sourcecode.swift; path = ChargingClass.swift; sourceTree = "<group>"; };
		20EDE52D1F110EC900464E8E /* Car+Parser.swift */ = {isa = PBXFileReference; fileEncoding = 4; lastKnownFileType = sourcecode.swift; path = "Car+Parser.swift"; sourceTree = "<group>"; };
		20EDE5311F11107E00464E8E /* ChargingClass+Cmds.swift */ = {isa = PBXFileReference; fileEncoding = 4; lastKnownFileType = sourcecode.swift; path = "ChargingClass+Cmds.swift"; sourceTree = "<group>"; };
		20EDE5331F11109C00464E8E /* ClimateClass+Cmds.swift */ = {isa = PBXFileReference; fileEncoding = 4; lastKnownFileType = sourcecode.swift; path = "ClimateClass+Cmds.swift"; sourceTree = "<group>"; };
		20EDE5351F11118E00464E8E /* DoorsClass+Cmds.swift */ = {isa = PBXFileReference; fileEncoding = 4; lastKnownFileType = sourcecode.swift; path = "DoorsClass+Cmds.swift"; sourceTree = "<group>"; };
		20EDE5371F1112CE00464E8E /* LightsClass+Cmds.swift */ = {isa = PBXFileReference; fileEncoding = 4; lastKnownFileType = sourcecode.swift; path = "LightsClass+Cmds.swift"; sourceTree = "<group>"; };
		20EDE5391F11133C00464E8E /* RooftopClass+Cmds.swift */ = {isa = PBXFileReference; fileEncoding = 4; lastKnownFileType = sourcecode.swift; path = "RooftopClass+Cmds.swift"; sourceTree = "<group>"; };
		20EDE53B1F1113AD00464E8E /* TrunkClass+Cmds.swift */ = {isa = PBXFileReference; fileEncoding = 4; lastKnownFileType = sourcecode.swift; path = "TrunkClass+Cmds.swift"; sourceTree = "<group>"; };
		20EDE53D1F11154000464E8E /* VehicleStatii.swift */ = {isa = PBXFileReference; fileEncoding = 4; lastKnownFileType = sourcecode.swift; path = VehicleStatii.swift; sourceTree = "<group>"; };
		20EDE53F1F11161400464E8E /* Capabilities+Cmds.swift */ = {isa = PBXFileReference; fileEncoding = 4; lastKnownFileType = sourcecode.swift; path = "Capabilities+Cmds.swift"; sourceTree = "<group>"; };
		20EDE5411F11184900464E8E /* VehicleStatii+Cmds.swift */ = {isa = PBXFileReference; fileEncoding = 4; lastKnownFileType = sourcecode.swift; path = "VehicleStatii+Cmds.swift"; sourceTree = "<group>"; };
		20EDE5441F1118CA00464E8E /* FailureMessageClass.swift */ = {isa = PBXFileReference; fileEncoding = 4; lastKnownFileType = sourcecode.swift; path = FailureMessageClass.swift; sourceTree = "<group>"; };
		20EDE5461F1120D600464E8E /* Parser.swift */ = {isa = PBXFileReference; fileEncoding = 4; lastKnownFileType = sourcecode.swift; path = Parser.swift; sourceTree = "<group>"; };
		20EDE5491F1126BE00464E8E /* CommandClass.swift */ = {isa = PBXFileReference; fileEncoding = 4; lastKnownFileType = sourcecode.swift; path = CommandClass.swift; sourceTree = "<group>"; };
		20EDE54B1F1131A800464E8E /* RemoteControlClass.swift */ = {isa = PBXFileReference; fileEncoding = 4; lastKnownFileType = sourcecode.swift; path = RemoteControlClass.swift; sourceTree = "<group>"; };
		20EDE54D1F11352000464E8E /* RemoteControlClass+Cmds.swift */ = {isa = PBXFileReference; fileEncoding = 4; lastKnownFileType = sourcecode.swift; path = "RemoteControlClass+Cmds.swift"; sourceTree = "<group>"; };
		20EDE54F1F1136F100464E8E /* CommandClass+Cmds.swift */ = {isa = PBXFileReference; fileEncoding = 4; lastKnownFileType = sourcecode.swift; path = "CommandClass+Cmds.swift"; sourceTree = "<group>"; };
		20EDE5541F114E0200464E8E /* Car+Driving.swift */ = {isa = PBXFileReference; fileEncoding = 4; lastKnownFileType = sourcecode.swift; path = "Car+Driving.swift"; sourceTree = "<group>"; };
		20EDE5561F1152CF00464E8E /* Car+Bluetooth.swift */ = {isa = PBXFileReference; fileEncoding = 4; lastKnownFileType = sourcecode.swift; path = "Car+Bluetooth.swift"; sourceTree = "<group>"; };
/* End PBXFileReference section */

/* Begin PBXFrameworksBuildPhase section */
		2094F2301F0FB5BB00779FFA /* Frameworks */ = {
			isa = PBXFrameworksBuildPhase;
			buildActionMask = 2147483647;
			files = (
				2094F2491F0FB5E300779FFA /* AutoAPI.framework in Frameworks */,
				2094F24A1F0FB5E300779FFA /* HMCrypto.framework in Frameworks */,
				2094F24B1F0FB5E300779FFA /* HMKit.framework in Frameworks */,
			);
			runOnlyForDeploymentPostprocessing = 0;
		};
/* End PBXFrameworksBuildPhase section */

/* Begin PBXGroup section */
		2094F22A1F0FB5BB00779FFA = {
			isa = PBXGroup;
			children = (
				2094F2361F0FB5BB00779FFA /* Car */,
				2094F2351F0FB5BB00779FFA /* Products */,
				2094F2451F0FB5E300779FFA /* Frameworks */,
			);
			sourceTree = "<group>";
		};
		2094F2351F0FB5BB00779FFA /* Products */ = {
			isa = PBXGroup;
			children = (
				2094F2341F0FB5BB00779FFA /* Car.framework */,
			);
			name = Products;
			sourceTree = "<group>";
		};
		2094F2361F0FB5BB00779FFA /* Car */ = {
			isa = PBXGroup;
			children = (
				2094F24D1F0FB68300779FFA /* Source */,
				2094F24C1F0FB67600779FFA /* Supporting */,
			);
			path = Car;
			sourceTree = "<group>";
		};
		2094F2451F0FB5E300779FFA /* Frameworks */ = {
			isa = PBXGroup;
			children = (
				2094F2461F0FB5E300779FFA /* AutoAPI.framework */,
				2094F2471F0FB5E300779FFA /* HMCrypto.framework */,
				2094F2481F0FB5E300779FFA /* HMKit.framework */,
			);
			name = Frameworks;
			sourceTree = "<group>";
		};
		2094F24C1F0FB67600779FFA /* Supporting */ = {
			isa = PBXGroup;
			children = (
				2094F2371F0FB5BB00779FFA /* Car.h */,
				2094F2381F0FB5BB00779FFA /* Info.plist */,
			);
			name = Supporting;
			sourceTree = "<group>";
		};
		2094F24D1F0FB68300779FFA /* Source */ = {
			isa = PBXGroup;
			children = (
				2094F2621F0FD7F600779FFA /* Commands */,
				2094F2521F0FC48C00779FFA /* Enums */,
				2094F2611F0FD22D00779FFA /* Extensions */,
				2094F24E1F0FB68C00779FFA /* Car.swift */,
				20EDE5561F1152CF00464E8E /* Car+Bluetooth.swift */,
				2094F25B1F0FD16700779FFA /* Car+Certificates.swift */,
				20EDE5541F114E0200464E8E /* Car+Driving.swift */,
				2094F2591F0FCB3100779FFA /* Car+LinkDelegate.swift */,
				2094F2571F0FC81200779FFA /* Car+LocalDeviceDelegate.swift */,
				2094F2551F0FC4D900779FFA /* Car+Observer.swift */,
				20EDE52D1F110EC900464E8E /* Car+Parser.swift */,
			);
			name = Source;
			sourceTree = "<group>";
		};
		2094F2521F0FC48C00779FFA /* Enums */ = {
			isa = PBXGroup;
			children = (
				20EDE5281F10F5A100464E8E /* CommandError.swift */,
				2086D8E91F13CCB0009F01D8 /* CommandType.swift */,
				2094F2501F0FC46900779FFA /* ConnectionMethod.swift */,
				2094F2531F0FC4B700779FFA /* ConnectionState.swift */,
			);
			name = Enums;
			sourceTree = "<group>";
		};
		2094F2611F0FD22D00779FFA /* Extensions */ = {
			isa = PBXGroup;
			children = (
				2094F25D1F0FD22600779FFA /* Collection+UInt8.swift */,
				2094F25E1F0FD22600779FFA /* KeychainLayer.swift */,
			);
			name = Extensions;
			sourceTree = "<group>";
		};
		2094F2621F0FD7F600779FFA /* Commands */ = {
			isa = PBXGroup;
			children = (
				2094F2671F0FDDAC00779FFA /* Protocols */,
				20EDE5431F11189B00464E8E /* Meta */,
				20EDE5511F11370400464E8E /* Subclasses */,
				20EDE5491F1126BE00464E8E /* CommandClass.swift */,
				20EDE54F1F1136F100464E8E /* CommandClass+Cmds.swift */,
			);
			name = Commands;
			sourceTree = "<group>";
		};
		2094F2671F0FDDAC00779FFA /* Protocols */ = {
			isa = PBXGroup;
			children = (
				20EDE5481F1120E200464E8E /* Parsers */,
				20EDE5461F1120D600464E8E /* Parser.swift */,
				2086D8ED1F13D17F009F01D8 /* ParserResponseOnly.swift */,
			);
			name = Protocols;
			sourceTree = "<group>";
		};
		20EDE5431F11189B00464E8E /* Meta */ = {
			isa = PBXGroup;
			children = (
				2094F2681F0FE26D00779FFA /* CapabilitiesClass.swift */,
				20EDE53F1F11161400464E8E /* Capabilities+Cmds.swift */,
				20EDE5441F1118CA00464E8E /* FailureMessageClass.swift */,
				20EDE53D1F11154000464E8E /* VehicleStatii.swift */,
				20EDE5411F11184900464E8E /* VehicleStatii+Cmds.swift */,
			);
			name = Meta;
			sourceTree = "<group>";
		};
		20EDE5481F1120E200464E8E /* Parsers */ = {
			isa = PBXGroup;
			children = (
				2094F2701F0FFDF300779FFA /* CapabilityParser.swift */,
				2094F2651F0FDDA900779FFA /* ResponseParser.swift */,
			);
			name = Parsers;
			sourceTree = "<group>";
		};
		20EDE5511F11370400464E8E /* Subclasses */ = {
			isa = PBXGroup;
			children = (
				20EDE52A1F110A9C00464E8E /* ChargingClass.swift */,
				20EDE5311F11107E00464E8E /* ChargingClass+Cmds.swift */,
				2094F2761F100A1500779FFA /* ClimateClass.swift */,
				20EDE5331F11109C00464E8E /* ClimateClass+Cmds.swift */,
				207B4653203C55DF002F346D /* DiagnosticsCommand.swift */,
				2094F2631F0FD85300779FFA /* DoorsClass.swift */,
				20EDE5351F11118E00464E8E /* DoorsClass+Cmds.swift */,
				206765D01F7B8B2D00D38F3F /* EngineClass.swift */,
				206765D21F7B8D2D00D38F3F /* EngineClass+Cmds.swift */,
				206765D71F7B99BD00D38F3F /* HonkHornFlashLightsClass.swift */,
				206765DA1F7B9C4400D38F3F /* HonkHornFlashLightsClass+Cmds.swift */,
				2094F2721F10010900779FFA /* LightsClass.swift */,
				20EDE5371F1112CE00464E8E /* LightsClass+Cmds.swift */,
				204A9C742019DA370072F4D1 /* NaviDestinationClass.swift */,
				204A9C762019DD290072F4D1 /* NaviDestinationClass+Cmds.swift */,
				207B4656203C56AC002F346D /* ParkingBrakeCommand.swift */,
				207B4655203C56AB002F346D /* ParkingBrakeCommand+Cmds.swift */,
				20EDE54B1F1131A800464E8E /* RemoteControlClass.swift */,
				20EDE54D1F11352000464E8E /* RemoteControlClass+Cmds.swift */,
				2094F26C1F0FF92E00779FFA /* RooftopClass.swift */,
				20EDE5391F11133C00464E8E /* RooftopClass+Cmds.swift */,
				2094F2741F10077700779FFA /* TrunkClass.swift */,
				20EDE53B1F1113AD00464E8E /* TrunkClass+Cmds.swift */,
				204A9C702019D5650072F4D1 /* VehicleLocationClass.swift */,
				204A9C722019D9580072F4D1 /* VehicleLocationClass+Cmnds.swift */,
				20A4297D1F7BAF22003FF9A2 /* WindowsClass.swift */,
				20A4297F1F7BB065003FF9A2 /* WindowsClass+Cmds.swift */,
				207B4659203C56DA002F346D /* WindscreenCommand.swift */,
			);
			name = Subclasses;
			sourceTree = "<group>";
		};
/* End PBXGroup section */

/* Begin PBXHeadersBuildPhase section */
		2094F2311F0FB5BB00779FFA /* Headers */ = {
			isa = PBXHeadersBuildPhase;
			buildActionMask = 2147483647;
			files = (
				2094F2391F0FB5BB00779FFA /* Car.h in Headers */,
			);
			runOnlyForDeploymentPostprocessing = 0;
		};
/* End PBXHeadersBuildPhase section */

/* Begin PBXNativeTarget section */
		2094F2331F0FB5BB00779FFA /* Car */ = {
			isa = PBXNativeTarget;
			buildConfigurationList = 2094F23C1F0FB5BB00779FFA /* Build configuration list for PBXNativeTarget "Car" */;
			buildPhases = (
				2094F22F1F0FB5BB00779FFA /* Sources */,
				2094F2301F0FB5BB00779FFA /* Frameworks */,
				2094F2311F0FB5BB00779FFA /* Headers */,
				2094F2321F0FB5BB00779FFA /* Resources */,
			);
			buildRules = (
			);
			dependencies = (
			);
			name = Car;
			productName = TheCar;
			productReference = 2094F2341F0FB5BB00779FFA /* Car.framework */;
			productType = "com.apple.product-type.framework";
		};
/* End PBXNativeTarget section */

/* Begin PBXProject section */
		2094F22B1F0FB5BB00779FFA /* Project object */ = {
			isa = PBXProject;
			attributes = {
				LastUpgradeCheck = 0900;
				ORGANIZATIONNAME = "High-Mobility GmbH";
				TargetAttributes = {
					2094F2331F0FB5BB00779FFA = {
						CreatedOnToolsVersion = 8.3.3;
						DevelopmentTeam = F42CFRE556;
						LastSwiftMigration = 0900;
						ProvisioningStyle = Automatic;
					};
				};
			};
			buildConfigurationList = 2094F22E1F0FB5BB00779FFA /* Build configuration list for PBXProject "Car" */;
			compatibilityVersion = "Xcode 3.2";
			developmentRegion = English;
			hasScannedForEncodings = 0;
			knownRegions = (
				en,
			);
			mainGroup = 2094F22A1F0FB5BB00779FFA;
			productRefGroup = 2094F2351F0FB5BB00779FFA /* Products */;
			projectDirPath = "";
			projectRoot = "";
			targets = (
				2094F2331F0FB5BB00779FFA /* Car */,
			);
		};
/* End PBXProject section */

/* Begin PBXResourcesBuildPhase section */
		2094F2321F0FB5BB00779FFA /* Resources */ = {
			isa = PBXResourcesBuildPhase;
			buildActionMask = 2147483647;
			files = (
			);
			runOnlyForDeploymentPostprocessing = 0;
		};
/* End PBXResourcesBuildPhase section */

/* Begin PBXSourcesBuildPhase section */
		2094F22F1F0FB5BB00779FFA /* Sources */ = {
			isa = PBXSourcesBuildPhase;
			buildActionMask = 2147483647;
			files = (
				2094F2711F0FFDF300779FFA /* CapabilityParser.swift in Sources */,
				207B465A203C56DA002F346D /* WindscreenCommand.swift in Sources */,
				20EDE5341F11109C00464E8E /* ClimateClass+Cmds.swift in Sources */,
				2094F2731F10010900779FFA /* LightsClass.swift in Sources */,
				20EDE5321F11107E00464E8E /* ChargingClass+Cmds.swift in Sources */,
				206765D31F7B8D2D00D38F3F /* EngineClass+Cmds.swift in Sources */,
				20EDE5291F10F5A100464E8E /* CommandError.swift in Sources */,
				2094F2771F100A1500779FFA /* ClimateClass.swift in Sources */,
				2094F25F1F0FD22600779FFA /* Collection+UInt8.swift in Sources */,
				20EDE52B1F110A9C00464E8E /* ChargingClass.swift in Sources */,
				204A9C752019DA370072F4D1 /* NaviDestinationClass.swift in Sources */,
				20A429801F7BB065003FF9A2 /* WindowsClass+Cmds.swift in Sources */,
				20EDE5401F11161400464E8E /* Capabilities+Cmds.swift in Sources */,
				2094F2581F0FC81200779FFA /* Car+LocalDeviceDelegate.swift in Sources */,
				2094F24F1F0FB68C00779FFA /* Car.swift in Sources */,
				20EDE53C1F1113AD00464E8E /* TrunkClass+Cmds.swift in Sources */,
				2086D8EA1F13CCB0009F01D8 /* CommandType.swift in Sources */,
				2086D8EE1F13D17F009F01D8 /* ParserResponseOnly.swift in Sources */,
				20EDE5571F1152CF00464E8E /* Car+Bluetooth.swift in Sources */,
				207B4658203C56AC002F346D /* ParkingBrakeCommand.swift in Sources */,
				2094F2691F0FE26D00779FFA /* CapabilitiesClass.swift in Sources */,
				207B4654203C55DF002F346D /* DiagnosticsCommand.swift in Sources */,
				2094F26D1F0FF92E00779FFA /* RooftopClass.swift in Sources */,
				2094F2641F0FD85300779FFA /* DoorsClass.swift in Sources */,
				20EDE54A1F1126BE00464E8E /* CommandClass.swift in Sources */,
				20EDE5501F1136F100464E8E /* CommandClass+Cmds.swift in Sources */,
				2094F25C1F0FD16700779FFA /* Car+Certificates.swift in Sources */,
				20EDE5421F11184900464E8E /* VehicleStatii+Cmds.swift in Sources */,
				204A9C772019DD290072F4D1 /* NaviDestinationClass+Cmds.swift in Sources */,
				2094F2511F0FC46900779FFA /* ConnectionMethod.swift in Sources */,
				206765D11F7B8B2D00D38F3F /* EngineClass.swift in Sources */,
				20EDE54E1F11352000464E8E /* RemoteControlClass+Cmds.swift in Sources */,
				20EDE5451F1118CA00464E8E /* FailureMessageClass.swift in Sources */,
				20EDE5361F11118E00464E8E /* DoorsClass+Cmds.swift in Sources */,
				2094F2751F10077700779FFA /* TrunkClass.swift in Sources */,
				20EDE53A1F11133C00464E8E /* RooftopClass+Cmds.swift in Sources */,
				204A9C712019D5650072F4D1 /* VehicleLocationClass.swift in Sources */,
				2094F25A1F0FCB3100779FFA /* Car+LinkDelegate.swift in Sources */,
				20EDE52E1F110EC900464E8E /* Car+Parser.swift in Sources */,
				20EDE53E1F11154000464E8E /* VehicleStatii.swift in Sources */,
				204A9C732019D9580072F4D1 /* VehicleLocationClass+Cmnds.swift in Sources */,
				20A4297E1F7BAF22003FF9A2 /* WindowsClass.swift in Sources */,
				2094F2561F0FC4D900779FFA /* Car+Observer.swift in Sources */,
				2094F2541F0FC4B700779FFA /* ConnectionState.swift in Sources */,
				207B4657203C56AC002F346D /* ParkingBrakeCommand+Cmds.swift in Sources */,
				20EDE5381F1112CE00464E8E /* LightsClass+Cmds.swift in Sources */,
				206765DB1F7B9C4400D38F3F /* HonkHornFlashLightsClass+Cmds.swift in Sources */,
				2094F2661F0FDDA900779FFA /* ResponseParser.swift in Sources */,
				206765D81F7B99BD00D38F3F /* HonkHornFlashLightsClass.swift in Sources */,
				20EDE5471F1120D600464E8E /* Parser.swift in Sources */,
				2094F2601F0FD22600779FFA /* KeychainLayer.swift in Sources */,
				20EDE54C1F1131A800464E8E /* RemoteControlClass.swift in Sources */,
				20EDE5551F114E0200464E8E /* Car+Driving.swift in Sources */,
			);
			runOnlyForDeploymentPostprocessing = 0;
		};
/* End PBXSourcesBuildPhase section */

/* Begin XCBuildConfiguration section */
		2094F23A1F0FB5BB00779FFA /* Debug */ = {
			isa = XCBuildConfiguration;
			buildSettings = {
				ALWAYS_SEARCH_USER_PATHS = NO;
				CLANG_ANALYZER_NONNULL = YES;
				CLANG_ANALYZER_NUMBER_OBJECT_CONVERSION = YES_AGGRESSIVE;
				CLANG_CXX_LANGUAGE_STANDARD = "gnu++0x";
				CLANG_CXX_LIBRARY = "libc++";
				CLANG_ENABLE_MODULES = YES;
				CLANG_ENABLE_OBJC_ARC = YES;
				CLANG_WARN_BLOCK_CAPTURE_AUTORELEASING = YES;
				CLANG_WARN_BOOL_CONVERSION = YES;
				CLANG_WARN_COMMA = YES;
				CLANG_WARN_CONSTANT_CONVERSION = YES;
				CLANG_WARN_DIRECT_OBJC_ISA_USAGE = YES_ERROR;
				CLANG_WARN_DOCUMENTATION_COMMENTS = YES;
				CLANG_WARN_EMPTY_BODY = YES;
				CLANG_WARN_ENUM_CONVERSION = YES;
				CLANG_WARN_INFINITE_RECURSION = YES;
				CLANG_WARN_INT_CONVERSION = YES;
				CLANG_WARN_NON_LITERAL_NULL_CONVERSION = YES;
				CLANG_WARN_OBJC_LITERAL_CONVERSION = YES;
				CLANG_WARN_OBJC_ROOT_CLASS = YES_ERROR;
				CLANG_WARN_RANGE_LOOP_ANALYSIS = YES;
				CLANG_WARN_STRICT_PROTOTYPES = YES;
				CLANG_WARN_SUSPICIOUS_MOVE = YES;
				CLANG_WARN_UNREACHABLE_CODE = YES;
				CLANG_WARN__DUPLICATE_METHOD_MATCH = YES;
				"CODE_SIGN_IDENTITY[sdk=iphoneos*]" = "iPhone Developer";
				COPY_PHASE_STRIP = NO;
				CURRENT_PROJECT_VERSION = 1;
				DEBUG_INFORMATION_FORMAT = dwarf;
				ENABLE_STRICT_OBJC_MSGSEND = YES;
				ENABLE_TESTABILITY = YES;
				GCC_C_LANGUAGE_STANDARD = gnu99;
				GCC_DYNAMIC_NO_PIC = NO;
				GCC_NO_COMMON_BLOCKS = YES;
				GCC_OPTIMIZATION_LEVEL = 0;
				GCC_PREPROCESSOR_DEFINITIONS = (
					"DEBUG=1",
					"$(inherited)",
				);
				GCC_WARN_64_TO_32_BIT_CONVERSION = YES;
				GCC_WARN_ABOUT_RETURN_TYPE = YES_ERROR;
				GCC_WARN_UNDECLARED_SELECTOR = YES;
				GCC_WARN_UNINITIALIZED_AUTOS = YES_AGGRESSIVE;
				GCC_WARN_UNUSED_FUNCTION = YES;
				GCC_WARN_UNUSED_VARIABLE = YES;
				IPHONEOS_DEPLOYMENT_TARGET = 10.3;
				MTL_ENABLE_DEBUG_INFO = YES;
				ONLY_ACTIVE_ARCH = YES;
				SDKROOT = iphoneos;
				SWIFT_ACTIVE_COMPILATION_CONDITIONS = DEBUG;
				SWIFT_OPTIMIZATION_LEVEL = "-Onone";
				TARGETED_DEVICE_FAMILY = "1,2";
				VERSIONING_SYSTEM = "apple-generic";
				VERSION_INFO_PREFIX = "";
			};
			name = Debug;
		};
		2094F23B1F0FB5BB00779FFA /* Release */ = {
			isa = XCBuildConfiguration;
			buildSettings = {
				ALWAYS_SEARCH_USER_PATHS = NO;
				CLANG_ANALYZER_NONNULL = YES;
				CLANG_ANALYZER_NUMBER_OBJECT_CONVERSION = YES_AGGRESSIVE;
				CLANG_CXX_LANGUAGE_STANDARD = "gnu++0x";
				CLANG_CXX_LIBRARY = "libc++";
				CLANG_ENABLE_MODULES = YES;
				CLANG_ENABLE_OBJC_ARC = YES;
				CLANG_WARN_BLOCK_CAPTURE_AUTORELEASING = YES;
				CLANG_WARN_BOOL_CONVERSION = YES;
				CLANG_WARN_COMMA = YES;
				CLANG_WARN_CONSTANT_CONVERSION = YES;
				CLANG_WARN_DIRECT_OBJC_ISA_USAGE = YES_ERROR;
				CLANG_WARN_DOCUMENTATION_COMMENTS = YES;
				CLANG_WARN_EMPTY_BODY = YES;
				CLANG_WARN_ENUM_CONVERSION = YES;
				CLANG_WARN_INFINITE_RECURSION = YES;
				CLANG_WARN_INT_CONVERSION = YES;
				CLANG_WARN_NON_LITERAL_NULL_CONVERSION = YES;
				CLANG_WARN_OBJC_LITERAL_CONVERSION = YES;
				CLANG_WARN_OBJC_ROOT_CLASS = YES_ERROR;
				CLANG_WARN_RANGE_LOOP_ANALYSIS = YES;
				CLANG_WARN_STRICT_PROTOTYPES = YES;
				CLANG_WARN_SUSPICIOUS_MOVE = YES;
				CLANG_WARN_UNREACHABLE_CODE = YES;
				CLANG_WARN__DUPLICATE_METHOD_MATCH = YES;
				"CODE_SIGN_IDENTITY[sdk=iphoneos*]" = "iPhone Developer";
				COPY_PHASE_STRIP = NO;
				CURRENT_PROJECT_VERSION = 1;
				DEBUG_INFORMATION_FORMAT = "dwarf-with-dsym";
				ENABLE_NS_ASSERTIONS = NO;
				ENABLE_STRICT_OBJC_MSGSEND = YES;
				GCC_C_LANGUAGE_STANDARD = gnu99;
				GCC_NO_COMMON_BLOCKS = YES;
				GCC_WARN_64_TO_32_BIT_CONVERSION = YES;
				GCC_WARN_ABOUT_RETURN_TYPE = YES_ERROR;
				GCC_WARN_UNDECLARED_SELECTOR = YES;
				GCC_WARN_UNINITIALIZED_AUTOS = YES_AGGRESSIVE;
				GCC_WARN_UNUSED_FUNCTION = YES;
				GCC_WARN_UNUSED_VARIABLE = YES;
				IPHONEOS_DEPLOYMENT_TARGET = 10.3;
				MTL_ENABLE_DEBUG_INFO = NO;
				SDKROOT = iphoneos;
				SWIFT_OPTIMIZATION_LEVEL = "-Owholemodule";
				TARGETED_DEVICE_FAMILY = "1,2";
				VALIDATE_PRODUCT = YES;
				VERSIONING_SYSTEM = "apple-generic";
				VERSION_INFO_PREFIX = "";
			};
			name = Release;
		};
		2094F23D1F0FB5BB00779FFA /* Debug */ = {
			isa = XCBuildConfiguration;
			buildSettings = {
				CLANG_ENABLE_MODULES = YES;
				CODE_SIGN_IDENTITY = "";
				DEFINES_MODULE = YES;
				DEVELOPMENT_TEAM = F42CFRE556;
				DYLIB_COMPATIBILITY_VERSION = 1;
				DYLIB_CURRENT_VERSION = 1;
				DYLIB_INSTALL_NAME_BASE = "@rpath";
				FRAMEWORK_SEARCH_PATHS = "$(PROJECT_DIR)/../";
				INFOPLIST_FILE = Car/Info.plist;
				INSTALL_PATH = "$(LOCAL_LIBRARY_DIR)/Frameworks";
				IPHONEOS_DEPLOYMENT_TARGET = 10.0;
				LD_RUNPATH_SEARCH_PATHS = "$(inherited) @executable_path/Frameworks @loader_path/Frameworks";
				PRODUCT_BUNDLE_IDENTIFIER = com.hm.Car;
				PRODUCT_NAME = "$(TARGET_NAME)";
				SKIP_INSTALL = YES;
				SWIFT_VERSION = 4.0;
			};
			name = Debug;
		};
		2094F23E1F0FB5BB00779FFA /* Release */ = {
			isa = XCBuildConfiguration;
			buildSettings = {
				CLANG_ENABLE_MODULES = YES;
				CODE_SIGN_IDENTITY = "";
				DEFINES_MODULE = YES;
				DEVELOPMENT_TEAM = F42CFRE556;
				DYLIB_COMPATIBILITY_VERSION = 1;
				DYLIB_CURRENT_VERSION = 1;
				DYLIB_INSTALL_NAME_BASE = "@rpath";
				FRAMEWORK_SEARCH_PATHS = "$(PROJECT_DIR)/../";
				INFOPLIST_FILE = Car/Info.plist;
				INSTALL_PATH = "$(LOCAL_LIBRARY_DIR)/Frameworks";
				IPHONEOS_DEPLOYMENT_TARGET = 10.0;
				LD_RUNPATH_SEARCH_PATHS = "$(inherited) @executable_path/Frameworks @loader_path/Frameworks";
				PRODUCT_BUNDLE_IDENTIFIER = com.hm.Car;
				PRODUCT_NAME = "$(TARGET_NAME)";
				SKIP_INSTALL = YES;
				SWIFT_VERSION = 4.0;
			};
			name = Release;
		};
/* End XCBuildConfiguration section */

/* Begin XCConfigurationList section */
		2094F22E1F0FB5BB00779FFA /* Build configuration list for PBXProject "Car" */ = {
			isa = XCConfigurationList;
			buildConfigurations = (
				2094F23A1F0FB5BB00779FFA /* Debug */,
				2094F23B1F0FB5BB00779FFA /* Release */,
			);
			defaultConfigurationIsVisible = 0;
			defaultConfigurationName = Release;
		};
		2094F23C1F0FB5BB00779FFA /* Build configuration list for PBXNativeTarget "Car" */ = {
			isa = XCConfigurationList;
			buildConfigurations = (
				2094F23D1F0FB5BB00779FFA /* Debug */,
				2094F23E1F0FB5BB00779FFA /* Release */,
			);
			defaultConfigurationIsVisible = 0;
			defaultConfigurationName = Release;
		};
/* End XCConfigurationList section */
	};
	rootObject = 2094F22B1F0FB5BB00779FFA /* Project object */;
}
